
Microsoft Visual Studio Solution File, Format Version 12.00
# Visual Studio Version 16
VisualStudioVersion = 16.0.31019.35
MinimumVisualStudioVersion = 10.0.40219.1
Project("{2150E333-8FDC-42A3-9474-1A3956D46DE8}") = "External", "External", "{4123A0E8-65B5-4C4E-92A2-DF97DC0598FA}"
EndProject
Project("{2150E333-8FDC-42A3-9474-1A3956D46DE8}") = "LogoFX", "LogoFX", "{86135469-BFDB-44A8-A33C-C7E1F8A67FDD}"
EndProject
Project("{FAE04EC0-301F-11D3-BF4B-00C04F79EFBC}") = "LogoFX.Practices.IoC.SimpleInjector", "LogoFX.Practices.IoC.SimpleInjector\LogoFX.Practices.IoC.SimpleInjector.csproj", "{2A832F57-41BE-42D5-BE94-C4F864257BA9}"
EndProject
Project("{FAE04EC0-301F-11D3-BF4B-00C04F79EFBC}") = "LogoFX.Web.Core", "LogoFX.Web.Core\LogoFX.Web.Core.csproj", "{33BF59DC-D43B-42B3-AD67-EEF477F76BB5}"
EndProject
Project("{FAE04EC0-301F-11D3-BF4B-00C04F79EFBC}") = "LogoFX.Practices.IoC.SimpleContainer", "LogoFX.Practices.IoC.SimpleContainer\LogoFX.Practices.IoC.SimpleContainer.csproj", "{50CB854F-8AE9-4A2D-A45B-8A4E0D14B91B}"
EndProject
Project("{FAE04EC0-301F-11D3-BF4B-00C04F79EFBC}") = "Ngcs.Server.Facade", "Ngcs.Server.Facade\Ngcs.Server.Facade.csproj", "{DE170738-2426-4146-A0D2-45D659E15390}"
EndProject
Project("{FAE04EC0-301F-11D3-BF4B-00C04F79EFBC}") = "Ngcs.Practices.Composition", "Ngcs.Practices.Composition\Ngcs.Practices.Composition.csproj", "{284CBDD1-AADB-4CA2-B6F3-88548E9F0764}"
EndProject
Project("{FAE04EC0-301F-11D3-BF4B-00C04F79EFBC}") = "Ngcs.Practices.IoC", "Ngcs.Practices.IoC\Ngcs.Practices.IoC.csproj", "{CB390942-3103-4C81-9B6A-F948B402A181}"
EndProject
Project("{FAE04EC0-301F-11D3-BF4B-00C04F79EFBC}") = "NGCS.Practices.Composition.Web", "NGCS.Practices.Composition.Web\NGCS.Practices.Composition.Web.csproj", "{8A2B19F7-5903-450D-B2BB-D9359F0DBF05}"
EndProject
Project("{FAE04EC0-301F-11D3-BF4B-00C04F79EFBC}") = "Ngcs.ElasticSearch.Domain.Contracts", "Ngcs.ElasticSearch.Domain.Contracts\Ngcs.ElasticSearch.Domain.Contracts.csproj", "{5512C587-6E38-44BB-8078-5D4D5C7341B5}"
EndProject
Project("{FAE04EC0-301F-11D3-BF4B-00C04F79EFBC}") = "Ngcs.ElasticSearch.Api", "Ngcs.ElasticSearch.Api\Ngcs.ElasticSearch.Api.csproj", "{2CB9F5FE-9DEF-4977-A898-C40143625EBC}"
EndProject
Project("{FAE04EC0-301F-11D3-BF4B-00C04F79EFBC}") = "Ngcs.ElasticSearch.Domain.Implementation", "Ngcs.ElasticSearch.Domain.Implementation\Ngcs.ElasticSearch.Domain.Implementation.csproj", "{9732B4F0-6309-4E50-BCE3-3AFAFAF58A7D}"
EndProject
Global
	GlobalSection(SolutionConfigurationPlatforms) = preSolution
		Debug|Any CPU = Debug|Any CPU
		Debug|x64 = Debug|x64
		Release|Any CPU = Release|Any CPU
		Release|x64 = Release|x64
	EndGlobalSection
	GlobalSection(ProjectConfigurationPlatforms) = postSolution
		{2A832F57-41BE-42D5-BE94-C4F864257BA9}.Debug|Any CPU.ActiveCfg = Debug|Any CPU
		{2A832F57-41BE-42D5-BE94-C4F864257BA9}.Debug|Any CPU.Build.0 = Debug|Any CPU
		{2A832F57-41BE-42D5-BE94-C4F864257BA9}.Debug|x64.ActiveCfg = Debug|Any CPU
		{2A832F57-41BE-42D5-BE94-C4F864257BA9}.Debug|x64.Build.0 = Debug|Any CPU
		{2A832F57-41BE-42D5-BE94-C4F864257BA9}.Release|Any CPU.ActiveCfg = Release|Any CPU
		{2A832F57-41BE-42D5-BE94-C4F864257BA9}.Release|Any CPU.Build.0 = Release|Any CPU
		{2A832F57-41BE-42D5-BE94-C4F864257BA9}.Release|x64.ActiveCfg = Release|Any CPU
		{2A832F57-41BE-42D5-BE94-C4F864257BA9}.Release|x64.Build.0 = Release|Any CPU
		{33BF59DC-D43B-42B3-AD67-EEF477F76BB5}.Debug|Any CPU.ActiveCfg = Debug|Any CPU
		{33BF59DC-D43B-42B3-AD67-EEF477F76BB5}.Debug|Any CPU.Build.0 = Debug|Any CPU
		{33BF59DC-D43B-42B3-AD67-EEF477F76BB5}.Debug|x64.ActiveCfg = Debug|Any CPU
		{33BF59DC-D43B-42B3-AD67-EEF477F76BB5}.Debug|x64.Build.0 = Debug|Any CPU
		{33BF59DC-D43B-42B3-AD67-EEF477F76BB5}.Release|Any CPU.ActiveCfg = Release|Any CPU
		{33BF59DC-D43B-42B3-AD67-EEF477F76BB5}.Release|Any CPU.Build.0 = Release|Any CPU
		{33BF59DC-D43B-42B3-AD67-EEF477F76BB5}.Release|x64.ActiveCfg = Release|Any CPU
		{33BF59DC-D43B-42B3-AD67-EEF477F76BB5}.Release|x64.Build.0 = Release|Any CPU
		{50CB854F-8AE9-4A2D-A45B-8A4E0D14B91B}.Debug|Any CPU.ActiveCfg = Debug|Any CPU
		{50CB854F-8AE9-4A2D-A45B-8A4E0D14B91B}.Debug|Any CPU.Build.0 = Debug|Any CPU
		{50CB854F-8AE9-4A2D-A45B-8A4E0D14B91B}.Debug|x64.ActiveCfg = Debug|Any CPU
		{50CB854F-8AE9-4A2D-A45B-8A4E0D14B91B}.Debug|x64.Build.0 = Debug|Any CPU
		{50CB854F-8AE9-4A2D-A45B-8A4E0D14B91B}.Release|Any CPU.ActiveCfg = Release|Any CPU
		{50CB854F-8AE9-4A2D-A45B-8A4E0D14B91B}.Release|Any CPU.Build.0 = Release|Any CPU
		{50CB854F-8AE9-4A2D-A45B-8A4E0D14B91B}.Release|x64.ActiveCfg = Release|Any CPU
		{50CB854F-8AE9-4A2D-A45B-8A4E0D14B91B}.Release|x64.Build.0 = Release|Any CPU
		{DE170738-2426-4146-A0D2-45D659E15390}.Debug|Any CPU.ActiveCfg = Debug|Any CPU
		{DE170738-2426-4146-A0D2-45D659E15390}.Debug|Any CPU.Build.0 = Debug|Any CPU
		{DE170738-2426-4146-A0D2-45D659E15390}.Debug|x64.ActiveCfg = Debug|Any CPU
		{DE170738-2426-4146-A0D2-45D659E15390}.Debug|x64.Build.0 = Debug|Any CPU
		{DE170738-2426-4146-A0D2-45D659E15390}.Release|Any CPU.ActiveCfg = Release|Any CPU
		{DE170738-2426-4146-A0D2-45D659E15390}.Release|Any CPU.Build.0 = Release|Any CPU
		{DE170738-2426-4146-A0D2-45D659E15390}.Release|x64.ActiveCfg = Release|Any CPU
		{DE170738-2426-4146-A0D2-45D659E15390}.Release|x64.Build.0 = Release|Any CPU
		{284CBDD1-AADB-4CA2-B6F3-88548E9F0764}.Debug|Any CPU.ActiveCfg = Debug|Any CPU
		{284CBDD1-AADB-4CA2-B6F3-88548E9F0764}.Debug|Any CPU.Build.0 = Debug|Any CPU
		{284CBDD1-AADB-4CA2-B6F3-88548E9F0764}.Debug|x64.ActiveCfg = Debug|Any CPU
		{284CBDD1-AADB-4CA2-B6F3-88548E9F0764}.Debug|x64.Build.0 = Debug|Any CPU
		{284CBDD1-AADB-4CA2-B6F3-88548E9F0764}.Release|Any CPU.ActiveCfg = Release|Any CPU
		{284CBDD1-AADB-4CA2-B6F3-88548E9F0764}.Release|Any CPU.Build.0 = Release|Any CPU
		{284CBDD1-AADB-4CA2-B6F3-88548E9F0764}.Release|x64.ActiveCfg = Release|Any CPU
		{284CBDD1-AADB-4CA2-B6F3-88548E9F0764}.Release|x64.Build.0 = Release|Any CPU
		{CB390942-3103-4C81-9B6A-F948B402A181}.Debug|Any CPU.ActiveCfg = Debug|Any CPU
		{CB390942-3103-4C81-9B6A-F948B402A181}.Debug|Any CPU.Build.0 = Debug|Any CPU
		{CB390942-3103-4C81-9B6A-F948B402A181}.Debug|x64.ActiveCfg = Debug|Any CPU
		{CB390942-3103-4C81-9B6A-F948B402A181}.Debug|x64.Build.0 = Debug|Any CPU
		{CB390942-3103-4C81-9B6A-F948B402A181}.Release|Any CPU.ActiveCfg = Release|Any CPU
		{CB390942-3103-4C81-9B6A-F948B402A181}.Release|Any CPU.Build.0 = Release|Any CPU
		{CB390942-3103-4C81-9B6A-F948B402A181}.Release|x64.ActiveCfg = Release|Any CPU
		{CB390942-3103-4C81-9B6A-F948B402A181}.Release|x64.Build.0 = Release|Any CPU
		{8A2B19F7-5903-450D-B2BB-D9359F0DBF05}.Debug|Any CPU.ActiveCfg = Debug|Any CPU
		{8A2B19F7-5903-450D-B2BB-D9359F0DBF05}.Debug|Any CPU.Build.0 = Debug|Any CPU
		{8A2B19F7-5903-450D-B2BB-D9359F0DBF05}.Debug|x64.ActiveCfg = Debug|Any CPU
		{8A2B19F7-5903-450D-B2BB-D9359F0DBF05}.Debug|x64.Build.0 = Debug|Any CPU
		{8A2B19F7-5903-450D-B2BB-D9359F0DBF05}.Release|Any CPU.ActiveCfg = Release|Any CPU
		{8A2B19F7-5903-450D-B2BB-D9359F0DBF05}.Release|Any CPU.Build.0 = Release|Any CPU
		{8A2B19F7-5903-450D-B2BB-D9359F0DBF05}.Release|x64.ActiveCfg = Release|Any CPU
		{8A2B19F7-5903-450D-B2BB-D9359F0DBF05}.Release|x64.Build.0 = Release|Any CPU
		{5512C587-6E38-44BB-8078-5D4D5C7341B5}.Debug|Any CPU.ActiveCfg = Debug|Any CPU
		{5512C587-6E38-44BB-8078-5D4D5C7341B5}.Debug|Any CPU.Build.0 = Debug|Any CPU
		{5512C587-6E38-44BB-8078-5D4D5C7341B5}.Debug|x64.ActiveCfg = Debug|Any CPU
		{5512C587-6E38-44BB-8078-5D4D5C7341B5}.Debug|x64.Build.0 = Debug|Any CPU
		{5512C587-6E38-44BB-8078-5D4D5C7341B5}.Release|Any CPU.ActiveCfg = Release|Any CPU
		{5512C587-6E38-44BB-8078-5D4D5C7341B5}.Release|Any CPU.Build.0 = Release|Any CPU
		{5512C587-6E38-44BB-8078-5D4D5C7341B5}.Release|x64.ActiveCfg = Release|Any CPU
		{5512C587-6E38-44BB-8078-5D4D5C7341B5}.Release|x64.Build.0 = Release|Any CPU
		{2CB9F5FE-9DEF-4977-A898-C40143625EBC}.Debug|Any CPU.ActiveCfg = Debug|Any CPU
		{2CB9F5FE-9DEF-4977-A898-C40143625EBC}.Debug|Any CPU.Build.0 = Debug|Any CPU
		{2CB9F5FE-9DEF-4977-A898-C40143625EBC}.Debug|x64.ActiveCfg = Debug|Any CPU
		{2CB9F5FE-9DEF-4977-A898-C40143625EBC}.Debug|x64.Build.0 = Debug|Any CPU
		{2CB9F5FE-9DEF-4977-A898-C40143625EBC}.Release|Any CPU.ActiveCfg = Release|Any CPU
		{2CB9F5FE-9DEF-4977-A898-C40143625EBC}.Release|Any CPU.Build.0 = Release|Any CPU
		{2CB9F5FE-9DEF-4977-A898-C40143625EBC}.Release|x64.ActiveCfg = Release|Any CPU
		{2CB9F5FE-9DEF-4977-A898-C40143625EBC}.Release|x64.Build.0 = Release|Any CPU
		{9732B4F0-6309-4E50-BCE3-3AFAFAF58A7D}.Debug|Any CPU.ActiveCfg = Debug|Any CPU
		{9732B4F0-6309-4E50-BCE3-3AFAFAF58A7D}.Debug|Any CPU.Build.0 = Debug|Any CPU
		{9732B4F0-6309-4E50-BCE3-3AFAFAF58A7D}.Debug|x64.ActiveCfg = Debug|Any CPU
		{9732B4F0-6309-4E50-BCE3-3AFAFAF58A7D}.Debug|x64.Build.0 = Debug|Any CPU
		{9732B4F0-6309-4E50-BCE3-3AFAFAF58A7D}.Release|Any CPU.ActiveCfg = Release|Any CPU
		{9732B4F0-6309-4E50-BCE3-3AFAFAF58A7D}.Release|Any CPU.Build.0 = Release|Any CPU
		{9732B4F0-6309-4E50-BCE3-3AFAFAF58A7D}.Release|x64.ActiveCfg = Release|Any CPU
		{9732B4F0-6309-4E50-BCE3-3AFAFAF58A7D}.Release|x64.Build.0 = Release|Any CPU
	EndGlobalSection
	GlobalSection(SolutionProperties) = preSolution
		HideSolutionNode = FALSE
	EndGlobalSection
	GlobalSection(NestedProjects) = preSolution
		{86135469-BFDB-44A8-A33C-C7E1F8A67FDD} = {4123A0E8-65B5-4C4E-92A2-DF97DC0598FA}
		{2A832F57-41BE-42D5-BE94-C4F864257BA9} = {86135469-BFDB-44A8-A33C-C7E1F8A67FDD}
		{33BF59DC-D43B-42B3-AD67-EEF477F76BB5} = {86135469-BFDB-44A8-A33C-C7E1F8A67FDD}
		{50CB854F-8AE9-4A2D-A45B-8A4E0D14B91B} = {86135469-BFDB-44A8-A33C-C7E1F8A67FDD}
	EndGlobalSection
	GlobalSection(ExtensibilityGlobals) = postSolution
		SolutionGuid = {F993E494-EB04-4BB6-B99E-0EE747230BEE}
	EndGlobalSection
EndGlobal
